{
  "nodes": {
    "comment-checker": {
      "inputs": {
        "nixpkgs": [
          "nixpkgs"
        ],
        "rust-overlay": "rust-overlay"
      },
      "locked": {
        "lastModified": 1790884787,
        "narHash": "sha256-XZz0bdSY5zjlRDme0dfC98oYcAf3WOpMCueoU39iXjY=",
        "owner": "systemfsoftware",
        "repo": "comment-checker",
        "rev": "3bfedd853c1d6dca666e65e71e9f8a31d47db336",
        "type": "github"
      },
      "original": {
        "owner": "systemfsoftware",
        "repo": "comment-checker",
        "type": "github"
      }
    },
    "comment-checker_2": {
      "inputs": {
        "nixpkgs": [
          "pnpm-release-management",
          "nixpkgs"
        ],
        "rust-overlay": "rust-overlay_2"
      },
      "locked": {
        "lastModified": 1790884787,
        "narHash": "sha256-XZz0bdSY5zjlRDme0dfC98oYcAf3WOpMCueoU39iXjY=",
        "owner": "systemfsoftware",
        "repo": "comment-checker",
        "rev": "3bfedd853c1d6dca666e65e71e9f8a31d47db336",
        "type": "github"
      },
      "original": {
        "owner": "systemfsoftware",
        "repo": "comment-checker",
        "type": "github"
      }
    },
    "comment-checker_3": {
      "inputs": {
        "nixpkgs": [
          "stryker-published",
          "nixpkgs"
        ],
        "rust-overlay": "rust-overlay_3"
      },
      "locked": {
        "lastModified": 1790884787,
        "narHash": "sha256-XZz0bdSY5zjlRDme0dfC98oYcAf3WOpMCueoU39iXjY=",
        "owner": "systemfsoftware",
        "repo": "comment-checker",
        "rev": "3bfedd853c1d6dca666e65e71e9f8a31d47db336",
        "type": "github"
      },
      "original": {
        "owner": "systemfsoftware",
        "repo": "comment-checker",
        "type": "github"
      }
    },
    "comment-checker_4": {
      "inputs": {
        "nixpkgs": [
          "stryker-published",
          "pnpm-release-management",
          "nixpkgs"
        ],
        "rust-overlay": "rust-overlay_4"
      },
      "locked": {
        "lastModified": 1790884787,
        "narHash": "sha256-XZz0bdSY5zjlRDme0dfC98oYcAf3WOpMCueoU39iXjY=",
        "owner": "systemfsoftware",
        "repo": "comment-checker",
        "rev": "3bfedd853c1d6dca666e65e71e9f8a31d47db336",
        "type": "github"
      },
      "original": {
        "owner": "systemfsoftware",
        "repo": "comment-checker",
        "type": "github"
      }
    },
    "comment-checker_5": {
      "inputs": {
        "nixpkgs": [
          "stryker-published",
          "systemfsoftware",
          "nixpkgs"
        ],
        "rust-overlay": "rust-overlay_5"
      },
      "locked": {
        "lastModified": 1789259917,
        "narHash": "sha256-ciFWJFfpl8xTFJTnoquMb58RA7iVqvpi4Sfda9qyFTw=",
        "owner": "systemfsoftware",
        "repo": "comment-checker",
        "rev": "00cc6a6bac7756d1e59d30fd566623e9b21443eb",
        "type": "github"
      },
      "original": {
        "owner": "systemfsoftware",
        "repo": "comment-checker",
        "type": "github"
      }
    },
    "comment-checker_6": {
      "inputs": {
        "nixpkgs": [
          "systemfsoftware",
          "nixpkgs"
        ],
        "rust-overlay": "rust-overlay_7"
      },
      "locked": {
        "lastModified": 1789259917,
        "narHash": "sha256-ciFWJFfpl8xTFJTnoquMb58RA7iVqvpi4Sfda9qyFTw=",
        "owner": "systemfsoftware",
        "repo": "comment-checker",
        "rev": "00cc6a6bac7756d1e59d30fd566623e9b21443eb",
        "type": "github"
      },
      "original": {
        "owner": "systemfsoftware",
        "repo": "comment-checker",
        "type": "github"
      }
    },
    "importPnpmLock": {
      "inputs": {
        "nixpkgs": [
          "nixpkgs"
        ],
        "systems": "systems"
      },
      "locked": {
        "lastModified": 1790096829,
        "narHash": "sha256-mnjMXjY/fo5OQH/iYNPijIqo0jAb/z7EhHtfXLlzOrs=",
        "owner": "Scrumplex",
        "repo": "importPnpmLock.nix",
        "rev": "ca18d47b0e98a4b51404f69ce5ab51efb6ebc151",
        "type": "github"
      },
      "original": {
        "owner": "Scrumplex",
        "repo": "importPnpmLock.nix",
        "type": "github"
      }
    },
    "importPnpmLock_2": {
      "inputs": {
        "nixpkgs": [
          "pnpm-release-management",
          "nixpkgs"
        ],
        "systems": "systems_2"
      },
      "locked": {
        "lastModified": 1790096829,
        "narHash": "sha256-mnjMXjY/fo5OQH/iYNPijIqo0jAb/z7EhHtfXLlzOrs=",
        "owner": "Scrumplex",
        "repo": "importPnpmLock.nix",
        "rev": "ca18d47b0e98a4b51404f69ce5ab51efb6ebc151",
        "type": "github"
      },
      "original": {
        "owner": "Scrumplex",
        "repo": "importPnpmLock.nix",
        "rev": "ca18d47b0e98a4b51404f69ce5ab51efb6ebc151",
        "type": "github"
      }
    },
    "importPnpmLock_3": {
      "inputs": {
        "nixpkgs": [
          "stryker-published",
          "nixpkgs"
        ],
        "systems": "systems_3"
      },
      "locked": {
        "lastModified": 1790096829,
        "narHash": "sha256-mnjMXjY/fo5OQH/iYNPijIqo0jAb/z7EhHtfXLlzOrs=",
        "owner": "Scrumplex",
        "repo": "importPnpmLock.nix",
        "rev": "ca18d47b0e98a4b51404f69ce5ab51efb6ebc151",
        "type": "github"
      },
      "original": {
        "owner": "Scrumplex",
        "repo": "importPnpmLock.nix",
        "type": "github"
      }
    },
    "importPnpmLock_4": {
      "inputs": {
        "nixpkgs": [
          "stryker-published",
          "pnpm-release-management",
          "nixpkgs"
        ],
        "systems": "systems_4"
      },
      "locked": {
        "lastModified": 1790096829,
        "narHash": "sha256-mnjMXjY/fo5OQH/iYNPijIqo0jAb/z7EhHtfXLlzOrs=",
        "owner": "Scrumplex",
        "repo": "importPnpmLock.nix",
        "rev": "ca18d47b0e98a4b51404f69ce5ab51efb6ebc151",
        "type": "github"
      },
      "original": {
        "owner": "Scrumplex",
        "repo": "importPnpmLock.nix",
        "rev": "ca18d47b0e98a4b51404f69ce5ab51efb6ebc151",
        "type": "github"
      }
    },
    "nixpkgs": {
      "locked": {
        "lastModified": 1790822859,
        "narHash": "sha256-69xHQhAeMAD2wDXO7T2pcOZIF9Sga2W+JkmY2a11Ops=",
        "owner": "NixOS",
        "repo": "nixpkgs",
        "rev": "c59305bab2065cfecc4944690d9eedbb56f3a9fa",
        "type": "github"
      },
      "original": {
        "owner": "NixOS",
        "ref": "nixos-unstable",
        "repo": "nixpkgs",
        "type": "github"
      }
    },
    "nixpkgs_2": {
      "locked": {
        "lastModified": 1790822859,
        "narHash": "sha256-69xHQhAeMAD2wDXO7T2pcOZIF9Sga2W+JkmY2a11Ops=",
        "owner": "NixOS",
        "repo": "nixpkgs",
        "rev": "c59305bab2065cfecc4944690d9eedbb56f3a9fa",
        "type": "github"
      },
      "original": {
        "owner": "NixOS",
        "ref": "nixos-unstable",
        "repo": "nixpkgs",
        "type": "github"
      }
    },
    "nixpkgs_3": {
      "locked": {
        "lastModified": 1790185690,
        "narHash": "sha256-xJ+X4hBtOcAFGBOe5nAMyMUeF9foJBmIOu3NjBqBycU=",
        "owner": "NixOS",
        "repo": "nixpkgs",
        "rev": "4975466d324710c576dc11ad614684e6bd8cad8e",
        "type": "github"
      },
      "original": {
        "owner": "NixOS",
        "ref": "nixos-unstable",
        "repo": "nixpkgs",
        "type": "github"
      }
    },
    "nixpkgs_4": {
      "locked": {
        "lastModified": 1790185690,
        "narHash": "sha256-xJ+X4hBtOcAFGBOe5nAMyMUeF9foJBmIOu3NjBqBycU=",
        "owner": "NixOS",
        "repo": "nixpkgs",
        "rev": "4975466d324710c576dc11ad614684e6bd8cad8e",
        "type": "github"
      },
      "original": {
        "owner": "NixOS",
        "ref": "nixos-unstable",
        "repo": "nixpkgs",
        "type": "github"
      }
    },
    "pnpm-release-management": {
      "inputs": {
        "comment-checker": "comment-checker_2",
        "importPnpmLock": "importPnpmLock_2",
        "nixpkgs": [
          "nixpkgs"
        ]
      },
      "locked": {
        "lastModified": 1791500184,
        "narHash": "sha256-3T9sBmbimFIMvE4qB2+HxVFBFGrZFiaAaRlXq4nN+7c=",
        "owner": "systemfsoftware",
        "repo": "pnpm-release-management",
        "rev": "59a6807702d06e26a0484cf05e63f8067298c183",
        "type": "github"
      },
      "original": {
        "owner": "systemfsoftware",
        "repo": "pnpm-release-management",
        "type": "github"
      }
    },
    "pnpm-release-management_2": {
      "inputs": {
        "comment-checker": "comment-checker_4",
        "importPnpmLock": "importPnpmLock_4",
        "nixpkgs": [
          "stryker-published",
          "nixpkgs"
        ]
      },
      "locked": {
        "lastModified": 1791495074,
        "narHash": "sha256-C2yy1cFxnpslzErFrZE7EEPrD4QU6GvgVNO2L0Kvm5M=",
        "owner": "systemfsoftware",
        "repo": "pnpm-release-management",
        "rev": "524505a2e829203e91a5c0d17e7cccee7094e998",
        "type": "github"
      },
      "original": {
        "owner": "systemfsoftware",
        "repo": "pnpm-release-management",
        "type": "github"
      }
    },
    "root": {
      "inputs": {
        "comment-checker": "comment-checker",
        "importPnpmLock": "importPnpmLock",
        "nixpkgs": "nixpkgs",
        "pnpm-release-management": "pnpm-release-management",
        "stryker-published": "stryker-published",
        "systemfsoftware": "systemfsoftware_2"
      }
    },
    "rust-overlay": {
      "inputs": {
        "nixpkgs": [
          "comment-checker",
          "nixpkgs"
        ]
      },
      "locked": {
        "lastModified": 1790756160,
        "narHash": "sha256-NPs4nNLxCpho3Ctj8O7t/bzmX0zR8r0zndKghAFEz5U=",
        "owner": "oxalica",
        "repo": "rust-overlay",
        "rev": "ed3a19fd0439ed618ec5fe1e12f0ba69a8be38b5",
        "type": "github"
      },
      "original": {
        "owner": "oxalica",
        "repo": "rust-overlay",
        "type": "github"
      }
    },
    "rust-overlay_2": {
      "inputs": {
        "nixpkgs": [
          "pnpm-release-management",
          "comment-checker",
          "nixpkgs"
        ]
      },
      "locked": {
        "lastModified": 1790756160,
        "narHash": "sha256-NPs4nNLxCpho3Ctj8O7t/bzmX0zR8r0zndKghAFEz5U=",
        "owner": "oxalica",
        "repo": "rust-overlay",
        "rev": "ed3a19fd0439ed618ec5fe1e12f0ba69a8be38b5",
        "type": "github"
      },
      "original": {
        "owner": "oxalica",
        "repo": "rust-overlay",
        "type": "github"
      }
    },
    "rust-overlay_3": {
      "inputs": {
        "nixpkgs": [
          "stryker-published",
          "comment-checker",
          "nixpkgs"
        ]
      },
      "locked": {
        "lastModified": 1790756160,
        "narHash": "sha256-NPs4nNLxCpho3Ctj8O7t/bzmX0zR8r0zndKghAFEz5U=",
        "owner": "oxalica",
        "repo": "rust-overlay",
        "rev": "ed3a19fd0439ed618ec5fe1e12f0ba69a8be38b5",
        "type": "github"
      },
      "original": {
        "owner": "oxalica",
        "repo": "rust-overlay",
        "type": "github"
      }
    },
    "rust-overlay_4": {
      "inputs": {
        "nixpkgs": [
          "stryker-published",
          "pnpm-release-management",
          "comment-checker",
          "nixpkgs"
        ]
      },
      "locked": {
        "lastModified": 1790756160,
        "narHash": "sha256-NPs4nNLxCpho3Ctj8O7t/bzmX0zR8r0zndKghAFEz5U=",
        "owner": "oxalica",
        "repo": "rust-overlay",
        "rev": "ed3a19fd0439ed618ec5fe1e12f0ba69a8be38b5",
        "type": "github"
      },
      "original": {
        "owner": "oxalica",
        "repo": "rust-overlay",
        "type": "github"
      }
    },
    "rust-overlay_5": {
      "inputs": {
        "nixpkgs": [
          "stryker-published",
          "systemfsoftware",
          "comment-checker",
          "nixpkgs"
        ]
      },
      "locked": {
        "lastModified": 1787367552,
        "narHash": "sha256-YT4Fs2k7bi+7YzuLt93EtIRgjpwHK5ZfsQEIh5dEQSk=",
        "owner": "oxalica",
        "repo": "rust-overlay",
        "rev": "fd2ebb9cc4323d0c5a1336138dab5c3c5a5d8bd9",
        "type": "github"
      },
      "original": {
        "owner": "oxalica",
        "repo": "rust-overlay",
        "type": "github"
      }
    },
    "rust-overlay_6": {
      "inputs": {
        "nixpkgs": [
          "stryker-published",
          "systemfsoftware",
          "nixpkgs"
        ]
      },
      "locked": {
        "lastModified": 1790234952,
        "narHash": "sha256-tjQa1vDoHJir4lasZTakz/xgmsfB6SRjeQqaIbefFOk=",
        "owner": "oxalica",
        "repo": "rust-overlay",
        "rev": "ed34466c59b766481248959a21a6e46cf0c60468",
        "type": "github"
      },
      "original": {
        "owner": "oxalica",
        "repo": "rust-overlay",
        "type": "github"
      }
    },
    "rust-overlay_7": {
      "inputs": {
        "nixpkgs": [
          "systemfsoftware",
          "comment-checker",
          "nixpkgs"
        ]
      },
      "locked": {
        "lastModified": 1787367552,
        "narHash": "sha256-YT4Fs2k7bi+7YzuLt93EtIRgjpwHK5ZfsQEIh5dEQSk=",
        "owner": "oxalica",
        "repo": "rust-overlay",
        "rev": "fd2ebb9cc4323d0c5a1336138dab5c3c5a5d8bd9",
        "type": "github"
      },
      "original": {
        "owner": "oxalica",
        "repo": "rust-overlay",
        "type": "github"
      }
    },
    "rust-overlay_8": {
      "inputs": {
        "nixpkgs": [
          "systemfsoftware",
          "nixpkgs"
        ]
      },
      "locked": {
        "lastModified": 1790234952,
        "narHash": "sha256-tjQa1vDoHJir4lasZTakz/xgmsfB6SRjeQqaIbefFOk=",
        "owner": "oxalica",
        "repo": "rust-overlay",
        "rev": "ed34466c59b766481248959a21a6e46cf0c60468",
        "type": "github"
      },
      "original": {
        "owner": "oxalica",
        "repo": "rust-overlay",
        "type": "github"
      }
    },
    "stryker-published": {
      "inputs": {
        "comment-checker": "comment-checker_3",
        "importPnpmLock": "importPnpmLock_3",
        "nixpkgs": "nixpkgs_2",
        "pnpm-release-management": "pnpm-release-management_2",
        "systemfsoftware": "systemfsoftware"
      },
      "locked": {
        "lastModified": 1791496712,
        "narHash": "sha256-X0j/hxIJ11Q0tcQ8hyyH3uM1N7KBaJVyEe4VoekPuQQ=",
        "owner": "systemfsoftware",
        "repo": "stryker-js-effect",
        "rev": "8cbf31518658e711f35c042c090bdf208fb80bbd",
        "type": "github"
      },
      "original": {
        "owner": "systemfsoftware",
        "repo": "stryker-js-effect",
        "rev": "8cbf31518658e711f35c042c090bdf208fb80bbd",
        "type": "github"
      }
    },
    "systemfsoftware": {
      "inputs": {
        "comment-checker": "comment-checker_5",
        "nixpkgs": "nixpkgs_3",
        "rust-overlay": "rust-overlay_6"
      },
      "locked": {
        "lastModified": 1790907431,
        "narHash": "sha256-Ew5fwlZByCBGX9Nto95gdGpTjZrTqAEsFL3S5XkCHXQ=",
        "owner": "systemfsoftware",
        "repo": "systemfsoftware",
        "rev": "45f2deb1d048a483844059c7d49cb4691093306e",
        "type": "github"
      },
      "original": {
        "owner": "systemfsoftware",
        "repo": "systemfsoftware",
        "type": "github"
      }
    },
    "systemfsoftware_2": {
      "inputs": {
        "comment-checker": "comment-checker_6",
        "nixpkgs": "nixpkgs_4",
        "rust-overlay": "rust-overlay_8"
      },
      "locked": {
        "lastModified": 1790907431,
        "narHash": "sha256-Ew5fwlZByCBGX9Nto95gdGpTjZrTqAEsFL3S5XkCHXQ=",
        "owner": "systemfsoftware",
        "repo": "systemfsoftware",
        "rev": "45f2deb1d048a483844059c7d49cb4691093306e",
        "type": "github"
      },
      "original": {
        "owner": "systemfsoftware",
        "repo": "systemfsoftware",
        "type": "github"
      }
    },
    "systems": {
      "locked": {
        "lastModified": 1681028828,
        "narHash": "sha256-Vy1rq5AaRuLzOxct8nz4T6wlgyUR7zLU309k9mBC768=",
        "owner": "nix-systems",
        "repo": "default",
        "rev": "da67096a3b9bf56a91d16901293e51ba5b49a27e",
        "type": "github"
      },
      "original": {
        "owner": "nix-systems",
        "repo": "default",
        "type": "github"
      }
    },
    "systems_2": {
      "locked": {
        "lastModified": 1681028828,
        "narHash": "sha256-Vy1rq5AaRuLzOxct8nz4T6wlgyUR7zLU309k9mBC768=",
        "owner": "nix-systems",
        "repo": "default",
        "rev": "da67096a3b9bf56a91d16901293e51ba5b49a27e",
        "type": "github"
      },
      "original": {
        "owner": "nix-systems",
        "repo": "default",
        "type": "github"
      }
    },
    "systems_3": {
      "locked": {
        "lastModified": 1681028828,
        "narHash": "sha256-Vy1rq5AaRuLzOxct8nz4T6wlgyUR7zLU309k9mBC768=",
        "owner": "nix-systems",
        "repo": "default",
        "rev": "da67096a3b9bf56a91d16901293e51ba5b49a27e",
        "type": "github"
      },
      "original": {
        "owner": "nix-systems",
        "repo": "default",
        "type": "github"
      }
    },
    "systems_4": {
      "locked": {
        "lastModified": 1681028828,
        "narHash": "sha256-Vy1rq5AaRuLzOxct8nz4T6wlgyUR7zLU309k9mBC768=",
        "owner": "nix-systems",
        "repo": "default",
        "rev": "da67096a3b9bf56a91d16901293e51ba5b49a27e",
        "type": "github"
      },
      "original": {
        "owner": "nix-systems",
        "repo": "default",
        "type": "github"
      }
    }
  },
  "root": "root",
  "version": 7
}
